{
  "name": "@d6v/zenv",
  "version": "0.0.7",
  "lockfileVersion": 3,
  "requires": true,
  "packages": {
    "": {
      "name": "@d6v/zenv",
      "version": "0.0.7",
      "license": "MIT",
      "dependencies": {
        "dotenv": "^16.0.3",
        "zod": "^3.21.4"
      },
      "devDependencies": {
        "@types/node": "^20.2.0"
      }
    },
    "node_modules/@types/node": {
      "version": "20.2.0",
      "resolved": "https://registry.npmjs.org/@types/node/-/node-20.2.0.tgz",
      "integrity": "sha512-3iD2jaCCziTx04uudpJKwe39QxXgSUnpxXSvRQjRvHPxFQfmfP4NXIm/NURVeNlTCc+ru4WqjYGTmpXrW9uMlw==",
      "dev": true
    },
    "node_modules/dotenv": {
      "version": "16.0.3",
      "resolved": "https://registry.npmjs.org/dotenv/-/dotenv-16.0.3.tgz",
      "integrity": "sha512-7GO6HghkA5fYG9TYnNxi14/7K9f5occMlp3zXAuSxn7CKCxt9xbNWG7yF8hTCSUchlfWSe3uLmlPfigevRItzQ==",
      "engines": {
        "node": ">=12"
      }
    },
    "node_modules/zod": {
      "version": "3.21.4",
      "resolved": "https://registry.npmjs.org/zod/-/zod-3.21.4.tgz",
      "integrity": "sha512-m46AKbrzKVzOzs/DZgVnG5H55N1sv1M8qZU3A8RIKbs3mrACDNeIOeilDymVb2HdmP8uwshOCF4uJ8uM9rCqJw==",
      "funding": {
        "url": "https://github.com/sponsors/colinhacks"
      }
    }
  }
}
